
Microsoft Visual Studio Solution File, Format Version 12.00
# Visual Studio Version 17
VisualStudioVersion = 17.4.33403.182
MinimumVisualStudioVersion = 10.0.40219.1
Project("{FAE04EC0-301F-11D3-BF4B-00C04F79EFBC}") = "Lyout", "Lyout\Lyout.csproj", "{B5D625D6-706E-4089-A2C2-D38476166767}"
EndProject
Global
	GlobalSection(SolutionConfigurationPlatforms) = preSolution
		Debug|Any CPU = Debug|Any CPU
		Release|Any CPU = Release|Any CPU
	EndGlobalSection
	GlobalSection(ProjectConfigurationPlatforms) = postSolution
		{B5D625D6-706E-4089-A2C2-D38476166767}.Debug|Any CPU.ActiveCfg = Debug|Any CPU
		{B5D625D6-706E-4089-A2C2-D38476166767}.Debug|Any CPU.Build.0 = Debug|Any CPU
		{B5D625D6-706E-4089-A2C2-D38476166767}.Release|Any CPU.ActiveCfg = Release|Any CPU
		{B5D625D6-706E-4089-A2C2-D38476166767}.Release|Any CPU.Build.0 = Release|Any CPU
	EndGlobalSection
	GlobalSection(SolutionProperties) = preSolution
		HideSolutionNode = FALSE
	EndGlobalSection
	GlobalSection(ExtensibilityGlobals) = postSolution
		SolutionGuid = {1AD8BE6A-15FF-486A-A9A7-98AA33B476CB}
	EndGlobalSection
EndGlobal
