
Microsoft Visual Studio Solution File, Format Version 12.00
# Visual Studio Version 17
VisualStudioVersion = 17.4.33403.182
MinimumVisualStudioVersion = 10.0.40219.1
Project("{FAE04EC0-301F-11D3-BF4B-00C04F79EFBC}") = "Practiveformcollection", "Practiveformcollection\Practiveformcollection.csproj", "{6DA7784C-5EA8-4037-8EB2-6C4966F8331F}"
EndProject
Global
	GlobalSection(SolutionConfigurationPlatforms) = preSolution
		Debug|Any CPU = Debug|Any CPU
		Release|Any CPU = Release|Any CPU
	EndGlobalSection
	GlobalSection(ProjectConfigurationPlatforms) = postSolution
		{6DA7784C-5EA8-4037-8EB2-6C4966F8331F}.Debug|Any CPU.ActiveCfg = Debug|Any CPU
		{6DA7784C-5EA8-4037-8EB2-6C4966F8331F}.Debug|Any CPU.Build.0 = Debug|Any CPU
		{6DA7784C-5EA8-4037-8EB2-6C4966F8331F}.Release|Any CPU.ActiveCfg = Release|Any CPU
		{6DA7784C-5EA8-4037-8EB2-6C4966F8331F}.Release|Any CPU.Build.0 = Release|Any CPU
	EndGlobalSection
	GlobalSection(SolutionProperties) = preSolution
		HideSolutionNode = FALSE
	EndGlobalSection
	GlobalSection(ExtensibilityGlobals) = postSolution
		SolutionGuid = {994EA9C7-38FE-4022-A649-116FEDBC4883}
	EndGlobalSection
EndGlobal
